
Microsoft Visual Studio Solution File, Format Version 12.00
# Visual Studio Version 17
VisualStudioVersion = 17.14.36518.9 d17.14
MinimumVisualStudioVersion = 10.0.40219.1
Project("{FAE04EC0-301F-11D3-BF4B-00C04F79EFBC}") = "CRUDAcademy_10022025", "CRUDAcademy_10022025.csproj", "{2DBBAF3C-F287-46CF-A429-299296412BB5}"
EndProject
Global
	GlobalSection(SolutionConfigurationPlatforms) = preSolution
		Debug|Any CPU = Debug|Any CPU
		Release|Any CPU = Release|Any CPU
	EndGlobalSection
	GlobalSection(ProjectConfigurationPlatforms) = postSolution
		{2DBBAF3C-F287-46CF-A429-299296412BB5}.Debug|Any CPU.ActiveCfg = Debug|Any CPU
		{2DBBAF3C-F287-46CF-A429-299296412BB5}.Debug|Any CPU.Build.0 = Debug|Any CPU
		{2DBBAF3C-F287-46CF-A429-299296412BB5}.Release|Any CPU.ActiveCfg = Release|Any CPU
		{2DBBAF3C-F287-46CF-A429-299296412BB5}.Release|Any CPU.Build.0 = Release|Any CPU
	EndGlobalSection
	GlobalSection(SolutionProperties) = preSolution
		HideSolutionNode = FALSE
	EndGlobalSection
	GlobalSection(ExtensibilityGlobals) = postSolution
		SolutionGuid = {EE29B459-E11D-44F7-AB50-83941709EDCE}
	EndGlobalSection
EndGlobal
